// !$*UTF8*$!
{
	archiveVersion = 1;
	classes = {
	};
	objectVersion = 47;
	objects = {

/* Begin PBXBuildFile section */
		4F36A3671DC175BD00FEACD7 /* Images.xcassets in Resources */ = {isa = PBXBuildFile; fileRef = 4F36A3661DC175BD00FEACD7 /* Images.xcassets */; };
		4F393A291C3C8BCD00B3EA13 /* main.swift in Sources */ = {isa = PBXBuildFile; fileRef = 4F393A281C3C8BCD00B3EA13 /* main.swift */; };
		4FD6C47A1B754AF1002F9F90 /* AppDelegate.swift in Sources */ = {isa = PBXBuildFile; fileRef = 4FD6C4791B754AF1002F9F90 /* AppDelegate.swift */; };
		4FD6C49F1B755242002F9F90 /* RootViewController.swift in Sources */ = {isa = PBXBuildFile; fileRef = 4FD6C49C1B755242002F9F90 /* RootViewController.swift */; };
		4FD6C4A01B755242002F9F90 /* InitialViewController.swift in Sources */ = {isa = PBXBuildFile; fileRef = 4FD6C49D1B755242002F9F90 /* InitialViewController.swift */; };
		78A235BD93AB7D080D67CD51 /* Pods_Events.framework in Frameworks */ = {isa = PBXBuildFile; fileRef = 82A29C75280BDF73123F14B4 /* Pods_Events.framework */; };
		A8240A2A1E9EB5CC009B993F /* EventCollectionViewCell.swift in Sources */ = {isa = PBXBuildFile; fileRef = A8240A291E9EB5CC009B993F /* EventCollectionViewCell.swift */; };
		A8240A2C1EA0FA91009B993F /* MapViewController.swift in Sources */ = {isa = PBXBuildFile; fileRef = A8240A2B1EA0FA91009B993F /* MapViewController.swift */; };
		A8240A2F1EA13110009B993F /* ImageEventTableViewCell.swift in Sources */ = {isa = PBXBuildFile; fileRef = A8240A2E1EA13110009B993F /* ImageEventTableViewCell.swift */; };
		A8398A801E64DD6A001A7451 /* EventCell.swift in Sources */ = {isa = PBXBuildFile; fileRef = A8398A7F1E64DD6A001A7451 /* EventCell.swift */; };
		A842BC951EA29903002469AB /* TitleTableViewCell.swift in Sources */ = {isa = PBXBuildFile; fileRef = A842BC941EA29903002469AB /* TitleTableViewCell.swift */; };
		A842BC971EA3BB95002469AB /* AboutTableViewCell.swift in Sources */ = {isa = PBXBuildFile; fileRef = A842BC961EA3BB95002469AB /* AboutTableViewCell.swift */; };
		A842BC9B1EA3C2A6002469AB /* DescriptionTableViewCell.swift in Sources */ = {isa = PBXBuildFile; fileRef = A842BC9A1EA3C2A6002469AB /* DescriptionTableViewCell.swift */; };
		A842BC9D1EA3DFCD002469AB /* LocationTableViewCell.swift in Sources */ = {isa = PBXBuildFile; fileRef = A842BC9C1EA3DFCD002469AB /* LocationTableViewCell.swift */; };
		A842BC9F1EA3DFDB002469AB /* AttendanceButtonTableViewCell.swift in Sources */ = {isa = PBXBuildFile; fileRef = A842BC9E1EA3DFDB002469AB /* AttendanceButtonTableViewCell.swift */; };
		A85925E11E8C110B007AB291 /* MapAnnotation.swift in Sources */ = {isa = PBXBuildFile; fileRef = A85925E01E8C110B007AB291 /* MapAnnotation.swift */; };
		A866DC441E68A4FB0029B2EB /* TESTBLE.swift in Sources */ = {isa = PBXBuildFile; fileRef = A866DC431E68A4FB0029B2EB /* TESTBLE.swift */; };
		A866DC461E6B4C150029B2EB /* MyEventsController.swift in Sources */ = {isa = PBXBuildFile; fileRef = A866DC451E6B4C150029B2EB /* MyEventsController.swift */; };
		A866DC481E6CB3B10029B2EB /* EventViewController.swift in Sources */ = {isa = PBXBuildFile; fileRef = A866DC471E6CB3B10029B2EB /* EventViewController.swift */; };
		A868C0921E76BD0E00835269 /* SplashScreenController.swift in Sources */ = {isa = PBXBuildFile; fileRef = A868C0911E76BD0E00835269 /* SplashScreenController.swift */; };
		A87474491E3FB6DE00BCE55B /* Main.storyboard in Resources */ = {isa = PBXBuildFile; fileRef = A87474481E3FB6DE00BCE55B /* Main.storyboard */; };
		A8ED69D71E63498500FFCCBE /* BeaconController.swift in Sources */ = {isa = PBXBuildFile; fileRef = A8ED69D61E63498500FFCCBE /* BeaconController.swift */; };
		A8ED69DC1E638B0500FFCCBE /* BeaconNotificationsManager.swift in Sources */ = {isa = PBXBuildFile; fileRef = A8ED69DB1E638B0500FFCCBE /* BeaconNotificationsManager.swift */; };
		A8ED69DE1E638B0E00FFCCBE /* BeaconID.swift in Sources */ = {isa = PBXBuildFile; fileRef = A8ED69DD1E638B0E00FFCCBE /* BeaconID.swift */; };
		A8EFC0591E423360006E82CB /* EventsController.swift in Sources */ = {isa = PBXBuildFile; fileRef = A8EFC0581E423360006E82CB /* EventsController.swift */; };
/* End PBXBuildFile section */

/* Begin PBXFileReference section */
		045D1C5BC2F1EADFDFB3671E /* Pods-Events.release.xcconfig */ = {isa = PBXFileReference; includeInIndex = 1; lastKnownFileType = text.xcconfig; name = "Pods-Events.release.xcconfig"; path = "Pods/Target Support Files/Pods-Events/Pods-Events.release.xcconfig"; sourceTree = "<group>"; };
		4F36A3661DC175BD00FEACD7 /* Images.xcassets */ = {isa = PBXFileReference; lastKnownFileType = folder.assetcatalog; name = Images.xcassets; path = "node_modules/SalesforceMobileSDK-iOS/shared/resources/Images.xcassets"; sourceTree = SOURCE_ROOT; };
		4F393A281C3C8BCD00B3EA13 /* main.swift */ = {isa = PBXFileReference; fileEncoding = 4; lastKnownFileType = sourcecode.swift; path = main.swift; sourceTree = "<group>"; };
		4FD6C4741B754AF1002F9F90 /* Events.app */ = {isa = PBXFileReference; explicitFileType = wrapper.application; includeInIndex = 0; path = Events.app; sourceTree = BUILT_PRODUCTS_DIR; };
		4FD6C4781B754AF1002F9F90 /* Info.plist */ = {isa = PBXFileReference; lastKnownFileType = text.plist.xml; path = Info.plist; sourceTree = "<group>"; };
		4FD6C4791B754AF1002F9F90 /* AppDelegate.swift */ = {isa = PBXFileReference; lastKnownFileType = sourcecode.swift; path = AppDelegate.swift; sourceTree = "<group>"; };
		4FD6C49A1B755242002F9F90 /* Bridging-Header.h */ = {isa = PBXFileReference; fileEncoding = 4; lastKnownFileType = sourcecode.c.h; path = "Bridging-Header.h"; sourceTree = "<group>"; };
		4FD6C49C1B755242002F9F90 /* RootViewController.swift */ = {isa = PBXFileReference; fileEncoding = 4; lastKnownFileType = sourcecode.swift; path = RootViewController.swift; sourceTree = "<group>"; };
		4FD6C49D1B755242002F9F90 /* InitialViewController.swift */ = {isa = PBXFileReference; fileEncoding = 4; lastKnownFileType = sourcecode.swift; path = InitialViewController.swift; sourceTree = "<group>"; };
		4FF12F8A1DCA91F5004D9EF9 /* Events.entitlements */ = {isa = PBXFileReference; lastKnownFileType = text.plist.entitlements; path = Events.entitlements; sourceTree = "<group>"; };
		762732C14CFE40A989C3AD70 /* Pods-Events.debug.xcconfig */ = {isa = PBXFileReference; includeInIndex = 1; lastKnownFileType = text.xcconfig; name = "Pods-Events.debug.xcconfig"; path = "Pods/Target Support Files/Pods-Events/Pods-Events.debug.xcconfig"; sourceTree = "<group>"; };
		82A29C75280BDF73123F14B4 /* Pods_Events.framework */ = {isa = PBXFileReference; explicitFileType = wrapper.framework; includeInIndex = 0; path = Pods_Events.framework; sourceTree = BUILT_PRODUCTS_DIR; };
		A8240A291E9EB5CC009B993F /* EventCollectionViewCell.swift */ = {isa = PBXFileReference; fileEncoding = 4; lastKnownFileType = sourcecode.swift; path = EventCollectionViewCell.swift; sourceTree = "<group>"; };
		A8240A2B1EA0FA91009B993F /* MapViewController.swift */ = {isa = PBXFileReference; fileEncoding = 4; lastKnownFileType = sourcecode.swift; path = MapViewController.swift; sourceTree = "<group>"; };
		A8240A2E1EA13110009B993F /* ImageEventTableViewCell.swift */ = {isa = PBXFileReference; fileEncoding = 4; lastKnownFileType = sourcecode.swift; path = ImageEventTableViewCell.swift; sourceTree = "<group>"; };
		A8398A7F1E64DD6A001A7451 /* EventCell.swift */ = {isa = PBXFileReference; fileEncoding = 4; lastKnownFileType = sourcecode.swift; path = EventCell.swift; sourceTree = "<group>"; };
		A842BC941EA29903002469AB /* TitleTableViewCell.swift */ = {isa = PBXFileReference; fileEncoding = 4; lastKnownFileType = sourcecode.swift; path = TitleTableViewCell.swift; sourceTree = "<group>"; };
		A842BC961EA3BB95002469AB /* AboutTableViewCell.swift */ = {isa = PBXFileReference; fileEncoding = 4; lastKnownFileType = sourcecode.swift; path = AboutTableViewCell.swift; sourceTree = "<group>"; };
		A842BC9A1EA3C2A6002469AB /* DescriptionTableViewCell.swift */ = {isa = PBXFileReference; fileEncoding = 4; lastKnownFileType = sourcecode.swift; path = DescriptionTableViewCell.swift; sourceTree = "<group>"; };
		A842BC9C1EA3DFCD002469AB /* LocationTableViewCell.swift */ = {isa = PBXFileReference; fileEncoding = 4; lastKnownFileType = sourcecode.swift; path = LocationTableViewCell.swift; sourceTree = "<group>"; };
		A842BC9E1EA3DFDB002469AB /* AttendanceButtonTableViewCell.swift */ = {isa = PBXFileReference; fileEncoding = 4; lastKnownFileType = sourcecode.swift; path = AttendanceButtonTableViewCell.swift; sourceTree = "<group>"; };
		A85925E01E8C110B007AB291 /* MapAnnotation.swift */ = {isa = PBXFileReference; fileEncoding = 4; lastKnownFileType = sourcecode.swift; path = MapAnnotation.swift; sourceTree = "<group>"; };
		A866DC431E68A4FB0029B2EB /* TESTBLE.swift */ = {isa = PBXFileReference; fileEncoding = 4; lastKnownFileType = sourcecode.swift; path = TESTBLE.swift; sourceTree = "<group>"; };
		A866DC451E6B4C150029B2EB /* MyEventsController.swift */ = {isa = PBXFileReference; fileEncoding = 4; lastKnownFileType = sourcecode.swift; path = MyEventsController.swift; sourceTree = "<group>"; };
		A866DC471E6CB3B10029B2EB /* EventViewController.swift */ = {isa = PBXFileReference; fileEncoding = 4; lastKnownFileType = sourcecode.swift; path = EventViewController.swift; sourceTree = "<group>"; };
		A868C0911E76BD0E00835269 /* SplashScreenController.swift */ = {isa = PBXFileReference; fileEncoding = 4; lastKnownFileType = sourcecode.swift; path = SplashScreenController.swift; sourceTree = "<group>"; };
		A87474481E3FB6DE00BCE55B /* Main.storyboard */ = {isa = PBXFileReference; fileEncoding = 4; lastKnownFileType = file.storyboard; path = Main.storyboard; sourceTree = "<group>"; };
		A8ED69CE1E63335500FFCCBE /* EstimoteSDK.framework */ = {isa = PBXFileReference; lastKnownFileType = wrapper.framework; name = EstimoteSDK.framework; path = "../../Downloads/iOS-SDK-master/EstimoteSDK/EstimoteSDK.framework"; sourceTree = "<group>"; };
		A8ED69D01E633ED300FFCCBE /* CoreLocation.framework */ = {isa = PBXFileReference; lastKnownFileType = wrapper.framework; name = CoreLocation.framework; path = System/Library/Frameworks/CoreLocation.framework; sourceTree = SDKROOT; };
		A8ED69D21E633EE900FFCCBE /* CoreBluetooth.framework */ = {isa = PBXFileReference; lastKnownFileType = wrapper.framework; name = CoreBluetooth.framework; path = System/Library/Frameworks/CoreBluetooth.framework; sourceTree = SDKROOT; };
		A8ED69D41E633EF900FFCCBE /* SystemConfiguration.framework */ = {isa = PBXFileReference; lastKnownFileType = wrapper.framework; name = SystemConfiguration.framework; path = System/Library/Frameworks/SystemConfiguration.framework; sourceTree = SDKROOT; };
		A8ED69D61E63498500FFCCBE /* BeaconController.swift */ = {isa = PBXFileReference; fileEncoding = 4; lastKnownFileType = sourcecode.swift; path = BeaconController.swift; sourceTree = "<group>"; };
		A8ED69DB1E638B0500FFCCBE /* BeaconNotificationsManager.swift */ = {isa = PBXFileReference; fileEncoding = 4; lastKnownFileType = sourcecode.swift; path = BeaconNotificationsManager.swift; sourceTree = "<group>"; };
		A8ED69DD1E638B0E00FFCCBE /* BeaconID.swift */ = {isa = PBXFileReference; fileEncoding = 4; lastKnownFileType = sourcecode.swift; path = BeaconID.swift; sourceTree = "<group>"; };
		A8EFC0581E423360006E82CB /* EventsController.swift */ = {isa = PBXFileReference; fileEncoding = 4; lastKnownFileType = sourcecode.swift; path = EventsController.swift; sourceTree = "<group>"; };
/* End PBXFileReference section */

/* Begin PBXFrameworksBuildPhase section */
		4FD6C4711B754AF1002F9F90 /* Frameworks */ = {
			isa = PBXFrameworksBuildPhase;
			buildActionMask = 2147483647;
			files = (
				78A235BD93AB7D080D67CD51 /* Pods_Events.framework in Frameworks */,
			);
			runOnlyForDeploymentPostprocessing = 0;
		};
/* End PBXFrameworksBuildPhase section */

/* Begin PBXGroup section */
		4FD6C46B1B754AF1002F9F90 = {
			isa = PBXGroup;
			children = (
				4FD6C4761B754AF1002F9F90 /* Events */,
				4FD6C4751B754AF1002F9F90 /* Products */,
				DDFDDF0A29E4BDD114B51BBC /* Pods */,
				6B868AEB1ACA7FCA4636C7F7 /* Frameworks */,
			);
			sourceTree = "<group>";
		};
		4FD6C4751B754AF1002F9F90 /* Products */ = {
			isa = PBXGroup;
			children = (
				4FD6C4741B754AF1002F9F90 /* Events.app */,
			);
			name = Products;
			sourceTree = "<group>";
		};
		4FD6C4761B754AF1002F9F90 /* Events */ = {
			isa = PBXGroup;
			children = (
				4FF12F8A1DCA91F5004D9EF9 /* Events.entitlements */,
				4FD6C4A11B755265002F9F90 /* Classes */,
				4FD6C4771B754AF1002F9F90 /* Supporting Files */,
			);
			path = Events;
			sourceTree = "<group>";
		};
		4FD6C4771B754AF1002F9F90 /* Supporting Files */ = {
			isa = PBXGroup;
			children = (
				4F36A3661DC175BD00FEACD7 /* Images.xcassets */,
				4FD6C4781B754AF1002F9F90 /* Info.plist */,
			);
			name = "Supporting Files";
			sourceTree = "<group>";
		};
		4FD6C4A11B755265002F9F90 /* Classes */ = {
			isa = PBXGroup;
			children = (
				A8240A2D1EA12F72009B993F /* EventTableCells */,
				A8ED69DD1E638B0E00FFCCBE /* BeaconID.swift */,
				A8ED69DB1E638B0500FFCCBE /* BeaconNotificationsManager.swift */,
				4FD6C49A1B755242002F9F90 /* Bridging-Header.h */,
				4FD6C49C1B755242002F9F90 /* RootViewController.swift */,
				4FD6C49D1B755242002F9F90 /* InitialViewController.swift */,
				4FD6C4791B754AF1002F9F90 /* AppDelegate.swift */,
				4F393A281C3C8BCD00B3EA13 /* main.swift */,
				A87474481E3FB6DE00BCE55B /* Main.storyboard */,
				A8EFC0581E423360006E82CB /* EventsController.swift */,
				A8ED69D61E63498500FFCCBE /* BeaconController.swift */,
				A8398A7F1E64DD6A001A7451 /* EventCell.swift */,
				A866DC431E68A4FB0029B2EB /* TESTBLE.swift */,
				A866DC451E6B4C150029B2EB /* MyEventsController.swift */,
				A866DC471E6CB3B10029B2EB /* EventViewController.swift */,
				A868C0911E76BD0E00835269 /* SplashScreenController.swift */,
				A85925E01E8C110B007AB291 /* MapAnnotation.swift */,
				A8240A291E9EB5CC009B993F /* EventCollectionViewCell.swift */,
				A8240A2B1EA0FA91009B993F /* MapViewController.swift */,
			);
			name = Classes;
			sourceTree = "<group>";
		};
		6B868AEB1ACA7FCA4636C7F7 /* Frameworks */ = {
			isa = PBXGroup;
			children = (
				A8ED69D41E633EF900FFCCBE /* SystemConfiguration.framework */,
				A8ED69D21E633EE900FFCCBE /* CoreBluetooth.framework */,
				A8ED69D01E633ED300FFCCBE /* CoreLocation.framework */,
				A8ED69CE1E63335500FFCCBE /* EstimoteSDK.framework */,
				82A29C75280BDF73123F14B4 /* Pods_Events.framework */,
			);
			name = Frameworks;
			sourceTree = "<group>";
		};
		A8240A2D1EA12F72009B993F /* EventTableCells */ = {
			isa = PBXGroup;
			children = (
				A8240A2E1EA13110009B993F /* ImageEventTableViewCell.swift */,
				A842BC941EA29903002469AB /* TitleTableViewCell.swift */,
				A842BC961EA3BB95002469AB /* AboutTableViewCell.swift */,
				A842BC9A1EA3C2A6002469AB /* DescriptionTableViewCell.swift */,
				A842BC9C1EA3DFCD002469AB /* LocationTableViewCell.swift */,
				A842BC9E1EA3DFDB002469AB /* AttendanceButtonTableViewCell.swift */,
			);
			name = EventTableCells;
			sourceTree = "<group>";
		};
		DDFDDF0A29E4BDD114B51BBC /* Pods */ = {
			isa = PBXGroup;
			children = (
				762732C14CFE40A989C3AD70 /* Pods-Events.debug.xcconfig */,
				045D1C5BC2F1EADFDFB3671E /* Pods-Events.release.xcconfig */,
			);
			name = Pods;
			sourceTree = "<group>";
		};
/* End PBXGroup section */

/* Begin PBXNativeTarget section */
		4FD6C4731B754AF1002F9F90 /* Events */ = {
			isa = PBXNativeTarget;
			buildConfigurationList = 4FD6C4931B754AF1002F9F90 /* Build configuration list for PBXNativeTarget "Events" */;
			buildPhases = (
				FF74F0F7AF3E58C14EBE5178 /* [CP] Check Pods Manifest.lock */,
				4FD6C4701B754AF1002F9F90 /* Sources */,
				4FD6C4711B754AF1002F9F90 /* Frameworks */,
				4FD6C4721B754AF1002F9F90 /* Resources */,
				68C67C5E03B67EF3A0901D3D /* [CP] Copy Pods Resources */,
				7056FC8D1D194E5113988767 /* [CP] Embed Pods Frameworks */,
			);
			buildRules = (
			);
			dependencies = (
			);
			name = Events;
			productName = Events;
			productReference = 4FD6C4741B754AF1002F9F90 /* Events.app */;
			productType = "com.apple.product-type.application";
		};
/* End PBXNativeTarget section */

/* Begin PBXProject section */
		4FD6C46C1B754AF1002F9F90 /* Project object */ = {
			isa = PBXProject;
			attributes = {
				LastSwiftUpdateCheck = 0710;
				LastUpgradeCheck = 0810;
				ORGANIZATIONNAME = Salesforce;
				TargetAttributes = {
					4FD6C4731B754AF1002F9F90 = {
						CreatedOnToolsVersion = 6.4;
						DevelopmentTeam = GZ3CDHH99G;
						LastSwiftMigration = 0800;
						SystemCapabilities = {
							com.apple.BackgroundModes = {
								enabled = 1;
							};
							com.apple.Keychain = {
								enabled = 1;
							};
							com.apple.Push = {
								enabled = 1;
							};
						};
					};
				};
			};
			buildConfigurationList = 4FD6C46F1B754AF1002F9F90 /* Build configuration list for PBXProject "Events" */;
			compatibilityVersion = "Xcode 6.3";
			developmentRegion = English;
			hasScannedForEncodings = 0;
			knownRegions = (
				en,
				Base,
			);
			mainGroup = 4FD6C46B1B754AF1002F9F90;
			productRefGroup = 4FD6C4751B754AF1002F9F90 /* Products */;
			projectDirPath = "";
			projectRoot = "";
			targets = (
				4FD6C4731B754AF1002F9F90 /* Events */,
			);
		};
/* End PBXProject section */

/* Begin PBXResourcesBuildPhase section */
		4FD6C4721B754AF1002F9F90 /* Resources */ = {
			isa = PBXResourcesBuildPhase;
			buildActionMask = 2147483647;
			files = (
				4F36A3671DC175BD00FEACD7 /* Images.xcassets in Resources */,
				A87474491E3FB6DE00BCE55B /* Main.storyboard in Resources */,
			);
			runOnlyForDeploymentPostprocessing = 0;
		};
/* End PBXResourcesBuildPhase section */

/* Begin PBXShellScriptBuildPhase section */
		68C67C5E03B67EF3A0901D3D /* [CP] Copy Pods Resources */ = {
			isa = PBXShellScriptBuildPhase;
			buildActionMask = 2147483647;
			files = (
			);
			inputPaths = (
			);
			name = "[CP] Copy Pods Resources";
			outputPaths = (
			);
			runOnlyForDeploymentPostprocessing = 0;
			shellPath = /bin/sh;
			shellScript = "\"${SRCROOT}/Pods/Target Support Files/Pods-Events/Pods-Events-resources.sh\"\n";
			showEnvVarsInLog = 0;
		};
		7056FC8D1D194E5113988767 /* [CP] Embed Pods Frameworks */ = {
			isa = PBXShellScriptBuildPhase;
			buildActionMask = 2147483647;
			files = (
			);
			inputPaths = (
			);
			name = "[CP] Embed Pods Frameworks";
			outputPaths = (
			);
			runOnlyForDeploymentPostprocessing = 0;
			shellPath = /bin/sh;
			shellScript = "\"${SRCROOT}/Pods/Target Support Files/Pods-Events/Pods-Events-frameworks.sh\"\n";
			showEnvVarsInLog = 0;
		};
		FF74F0F7AF3E58C14EBE5178 /* [CP] Check Pods Manifest.lock */ = {
			isa = PBXShellScriptBuildPhase;
			buildActionMask = 2147483647;
			files = (
			);
			inputPaths = (
			);
			name = "[CP] Check Pods Manifest.lock";
			outputPaths = (
			);
			runOnlyForDeploymentPostprocessing = 0;
			shellPath = /bin/sh;
			shellScript = "diff \"${PODS_ROOT}/../Podfile.lock\" \"${PODS_ROOT}/Manifest.lock\" > /dev/null\nif [ $? != 0 ] ; then\n    # print error to STDERR\n    echo \"error: The sandbox is not in sync with the Podfile.lock. Run 'pod install' or update your CocoaPods installation.\" >&2\n    exit 1\nfi\n";
			showEnvVarsInLog = 0;
		};
/* End PBXShellScriptBuildPhase section */

/* Begin PBXSourcesBuildPhase section */
		4FD6C4701B754AF1002F9F90 /* Sources */ = {
			isa = PBXSourcesBuildPhase;
			buildActionMask = 2147483647;
			files = (
				A866DC461E6B4C150029B2EB /* MyEventsController.swift in Sources */,
				A8240A2A1E9EB5CC009B993F /* EventCollectionViewCell.swift in Sources */,
				4FD6C47A1B754AF1002F9F90 /* AppDelegate.swift in Sources */,
				A842BC971EA3BB95002469AB /* AboutTableViewCell.swift in Sources */,
				A866DC441E68A4FB0029B2EB /* TESTBLE.swift in Sources */,
				A8398A801E64DD6A001A7451 /* EventCell.swift in Sources */,
				A8ED69D71E63498500FFCCBE /* BeaconController.swift in Sources */,
				A866DC481E6CB3B10029B2EB /* EventViewController.swift in Sources */,
				4FD6C49F1B755242002F9F90 /* RootViewController.swift in Sources */,
				A8ED69DC1E638B0500FFCCBE /* BeaconNotificationsManager.swift in Sources */,
				A842BC9F1EA3DFDB002469AB /* AttendanceButtonTableViewCell.swift in Sources */,
				A868C0921E76BD0E00835269 /* SplashScreenController.swift in Sources */,
				A85925E11E8C110B007AB291 /* MapAnnotation.swift in Sources */,
				A8240A2F1EA13110009B993F /* ImageEventTableViewCell.swift in Sources */,
				4F393A291C3C8BCD00B3EA13 /* main.swift in Sources */,
				4FD6C4A01B755242002F9F90 /* InitialViewController.swift in Sources */,
				A842BC9D1EA3DFCD002469AB /* LocationTableViewCell.swift in Sources */,
				A8ED69DE1E638B0E00FFCCBE /* BeaconID.swift in Sources */,
				A842BC9B1EA3C2A6002469AB /* DescriptionTableViewCell.swift in Sources */,
				A8EFC0591E423360006E82CB /* EventsController.swift in Sources */,
				A842BC951EA29903002469AB /* TitleTableViewCell.swift in Sources */,
				A8240A2C1EA0FA91009B993F /* MapViewController.swift in Sources */,
			);
			runOnlyForDeploymentPostprocessing = 0;
		};
/* End PBXSourcesBuildPhase section */

/* Begin XCBuildConfiguration section */
		4FD6C4911B754AF1002F9F90 /* Debug */ = {
			isa = XCBuildConfiguration;
			buildSettings = {
				ALWAYS_SEARCH_USER_PATHS = NO;
				CLANG_CXX_LANGUAGE_STANDARD = "gnu++0x";
				CLANG_CXX_LIBRARY = "libc++";
				CLANG_ENABLE_MODULES = YES;
				CLANG_ENABLE_OBJC_ARC = YES;
				CLANG_WARN_BOOL_CONVERSION = YES;
				CLANG_WARN_CONSTANT_CONVERSION = YES;
				CLANG_WARN_DIRECT_OBJC_ISA_USAGE = YES_ERROR;
				CLANG_WARN_EMPTY_BODY = YES;
				CLANG_WARN_ENUM_CONVERSION = YES;
				CLANG_WARN_INFINITE_RECURSION = YES;
				CLANG_WARN_INT_CONVERSION = YES;
				CLANG_WARN_OBJC_ROOT_CLASS = YES_ERROR;
				CLANG_WARN_SUSPICIOUS_MOVE = YES;
				CLANG_WARN_UNREACHABLE_CODE = YES;
				CLANG_WARN__DUPLICATE_METHOD_MATCH = YES;
				"CODE_SIGN_IDENTITY[sdk=iphoneos*]" = "iPhone Developer";
				COPY_PHASE_STRIP = NO;
				DEBUG_INFORMATION_FORMAT = "dwarf-with-dsym";
				ENABLE_STRICT_OBJC_MSGSEND = YES;
				ENABLE_TESTABILITY = YES;
				GCC_C_LANGUAGE_STANDARD = gnu99;
				GCC_DYNAMIC_NO_PIC = NO;
				GCC_NO_COMMON_BLOCKS = YES;
				GCC_OPTIMIZATION_LEVEL = 0;
				GCC_PREPROCESSOR_DEFINITIONS = (
					"DEBUG=1",
					"$(inherited)",
				);
				GCC_SYMBOLS_PRIVATE_EXTERN = NO;
				GCC_WARN_64_TO_32_BIT_CONVERSION = YES;
				GCC_WARN_ABOUT_RETURN_TYPE = YES_ERROR;
				GCC_WARN_UNDECLARED_SELECTOR = YES;
				GCC_WARN_UNINITIALIZED_AUTOS = YES_AGGRESSIVE;
				GCC_WARN_UNUSED_FUNCTION = YES;
				GCC_WARN_UNUSED_VARIABLE = YES;
				IPHONEOS_DEPLOYMENT_TARGET = 8.4;
				MTL_ENABLE_DEBUG_INFO = YES;
				ONLY_ACTIVE_ARCH = YES;
				SDKROOT = iphoneos;
				SWIFT_OPTIMIZATION_LEVEL = "-Onone";
				TARGETED_DEVICE_FAMILY = "1,2";
			};
			name = Debug;
		};
		4FD6C4921B754AF1002F9F90 /* Release */ = {
			isa = XCBuildConfiguration;
			buildSettings = {
				ALWAYS_SEARCH_USER_PATHS = NO;
				CLANG_CXX_LANGUAGE_STANDARD = "gnu++0x";
				CLANG_CXX_LIBRARY = "libc++";
				CLANG_ENABLE_MODULES = YES;
				CLANG_ENABLE_OBJC_ARC = YES;
				CLANG_WARN_BOOL_CONVERSION = YES;
				CLANG_WARN_CONSTANT_CONVERSION = YES;
				CLANG_WARN_DIRECT_OBJC_ISA_USAGE = YES_ERROR;
				CLANG_WARN_EMPTY_BODY = YES;
				CLANG_WARN_ENUM_CONVERSION = YES;
				CLANG_WARN_INFINITE_RECURSION = YES;
				CLANG_WARN_INT_CONVERSION = YES;
				CLANG_WARN_OBJC_ROOT_CLASS = YES_ERROR;
				CLANG_WARN_SUSPICIOUS_MOVE = YES;
				CLANG_WARN_UNREACHABLE_CODE = YES;
				CLANG_WARN__DUPLICATE_METHOD_MATCH = YES;
				"CODE_SIGN_IDENTITY[sdk=iphoneos*]" = "iPhone Developer";
				COPY_PHASE_STRIP = NO;
				DEBUG_INFORMATION_FORMAT = "dwarf-with-dsym";
				ENABLE_NS_ASSERTIONS = NO;
				ENABLE_STRICT_OBJC_MSGSEND = YES;
				GCC_C_LANGUAGE_STANDARD = gnu99;
				GCC_NO_COMMON_BLOCKS = YES;
				GCC_WARN_64_TO_32_BIT_CONVERSION = YES;
				GCC_WARN_ABOUT_RETURN_TYPE = YES_ERROR;
				GCC_WARN_UNDECLARED_SELECTOR = YES;
				GCC_WARN_UNINITIALIZED_AUTOS = YES_AGGRESSIVE;
				GCC_WARN_UNUSED_FUNCTION = YES;
				GCC_WARN_UNUSED_VARIABLE = YES;
				IPHONEOS_DEPLOYMENT_TARGET = 8.4;
				MTL_ENABLE_DEBUG_INFO = NO;
				SDKROOT = iphoneos;
				SWIFT_OPTIMIZATION_LEVEL = "-Owholemodule";
				TARGETED_DEVICE_FAMILY = "1,2";
				VALIDATE_PRODUCT = YES;
			};
			name = Release;
		};
		4FD6C4941B754AF1002F9F90 /* Debug */ = {
			isa = XCBuildConfiguration;
			baseConfigurationReference = 762732C14CFE40A989C3AD70 /* Pods-Events.debug.xcconfig */;
			buildSettings = {
				ASSETCATALOG_COMPILER_APPICON_NAME = AppIcon;
				ASSETCATALOG_COMPILER_LAUNCHIMAGE_NAME = LaunchImage;
				CODE_SIGN_ENTITLEMENTS = Events/Events.entitlements;
				DEVELOPMENT_TEAM = GZ3CDHH99G;
				INFOPLIST_FILE = Events/Info.plist;
				IPHONEOS_DEPLOYMENT_TARGET = 9.0;
				LD_RUNPATH_SEARCH_PATHS = "$(inherited) @executable_path/Frameworks";
				PRODUCT_BUNDLE_IDENTIFIER = com.Salesforce.iBeaconEvents;
				PRODUCT_NAME = "$(TARGET_NAME)";
				SWIFT_OBJC_BRIDGING_HEADER = "Events/Bridging-Header.h";
				SWIFT_VERSION = 3.0;
			};
			name = Debug;
		};
		4FD6C4951B754AF1002F9F90 /* Release */ = {
			isa = XCBuildConfiguration;
			baseConfigurationReference = 045D1C5BC2F1EADFDFB3671E /* Pods-Events.release.xcconfig */;
			buildSettings = {
				ASSETCATALOG_COMPILER_APPICON_NAME = AppIcon;
				ASSETCATALOG_COMPILER_LAUNCHIMAGE_NAME = LaunchImage;
				CODE_SIGN_ENTITLEMENTS = Events/Events.entitlements;
				DEVELOPMENT_TEAM = GZ3CDHH99G;
				INFOPLIST_FILE = Events/Info.plist;
				IPHONEOS_DEPLOYMENT_TARGET = 9.0;
				LD_RUNPATH_SEARCH_PATHS = "$(inherited) @executable_path/Frameworks";
				PRODUCT_BUNDLE_IDENTIFIER = com.Salesforce.iBeaconEvents;
				PRODUCT_NAME = "$(TARGET_NAME)";
				SWIFT_OBJC_BRIDGING_HEADER = "Events/Bridging-Header.h";
				SWIFT_VERSION = 3.0;
			};
			name = Release;
		};
/* End XCBuildConfiguration section */

/* Begin XCConfigurationList section */
		4FD6C46F1B754AF1002F9F90 /* Build configuration list for PBXProject "Events" */ = {
			isa = XCConfigurationList;
			buildConfigurations = (
				4FD6C4911B754AF1002F9F90 /* Debug */,
				4FD6C4921B754AF1002F9F90 /* Release */,
			);
			defaultConfigurationIsVisible = 0;
			defaultConfigurationName = Release;
		};
		4FD6C4931B754AF1002F9F90 /* Build configuration list for PBXNativeTarget "Events" */ = {
			isa = XCConfigurationList;
			buildConfigurations = (
				4FD6C4941B754AF1002F9F90 /* Debug */,
				4FD6C4951B754AF1002F9F90 /* Release */,
			);
			defaultConfigurationIsVisible = 0;
			defaultConfigurationName = Release;
		};
/* End XCConfigurationList section */
	};
	rootObject = 4FD6C46C1B754AF1002F9F90 /* Project object */;
}
